{
  "object": {
    "pins": [
      {
        "package": "CommonKit",
        "repositoryURL": "https://github.com/pomozoff/CommonKit.git",
        "state": {
          "branch": "main",
          "revision": "0cdc481f9131edda71aba27b404af98d2600ad43",
          "version": null
        }
      },
      {
        "package": "FeatureToggleKit",
        "repositoryURL": "https://github.com/pomozoff/FeatureToggleKit.git",
        "state": {
          "branch": "main",
          "revision": "3ce911dbd28353e5ad9a90aa1edd91ae0c1d5de0",
          "version": null
        }
      },
      {
        "package": "NetworkKit",
        "repositoryURL": "https://github.com/pomozoff/NetworkKit.git",
        "state": {
          "branch": "main",
          "revision": "eec78c471f2bd4ee2570e2378d1b21159ac4ba5a",
          "version": null
        }
      },
      {
        "package": "ViewModelKit",
        "repositoryURL": "https://github.com/pomozoff/ViewModelKit.git",
        "state": {
          "branch": "main",
          "revision": "d3c7461dd97cc338479c2e5e6314954848ac4b1e",
          "version": null
        }
      }
    ]
  },
  "version": 1
}
